Microsoft Visual Studio Solution File, Format Version 12.00
# Visual Studio Version 17
VisualStudioVersion = 17.3.32825.248
MinimumVisualStudioVersion = 10.0.40219.1
Project("{FAE04EC0-301F-11D3-BF4B-00C04F79EFBC}") = "UclOpen.Bonsai.Core", "src\UclOpen.Bonsai.Core\UclOpen.Bonsai.Core.csproj", "{8190E825-DE1F-5155-BB6D-601A6BEDD0A7}"
EndProject
Project("{FAE04EC0-301F-11D3-BF4B-00C04F79EFBC}") = "UclOpen.Bonsai.Devices", "src\UclOpen.Bonsai.Devices\UclOpen.Bonsai.Devices.csproj", "{A7911D56-69A0-4795-BCDA-80D4EEC22C26}"
EndProject
Project("{FAE04EC0-301F-11D3-BF4B-00C04F79EFBC}") = "UclOpen.Bonsai.Logging", "src\UclOpen.Bonsai.Logging\UclOpen.Bonsai.Logging.csproj", "{3C144DCB-1F43-4C35-BCEC-FBC7650B1BEE}"
EndProject
Project("{FAE04EC0-301F-11D3-BF4B-00C04F79EFBC}") = "UclOpen.Bonsai.Video", "src\UclOpen.Bonsai.Video\UclOpen.Bonsai.Video.csproj", "{622C6B21-3B43-41C2-B44E-389022817334}"
EndProject
Global
	GlobalSection(SolutionConfigurationPlatforms) = preSolution
		Debug|Any CPU = Debug|Any CPU
		Release|Any CPU = Release|Any CPU
	EndGlobalSection
	GlobalSection(ProjectConfigurationPlatforms) = postSolution
		{8190E825-DE1F-5155-BB6D-601A6BEDD0A7}.Debug|Any CPU.ActiveCfg = Debug|Any CPU
		{8190E825-DE1F-5155-BB6D-601A6BEDD0A7}.Debug|Any CPU.Build.0 = Debug|Any CPU
		{8190E825-DE1F-5155-BB6D-601A6BEDD0A7}.Release|Any CPU.ActiveCfg = Release|Any CPU
		{8190E825-DE1F-5155-BB6D-601A6BEDD0A7}.Release|Any CPU.Build.0 = Release|Any CPU
		{A7911D56-69A0-4795-BCDA-80D4EEC22C26}.Debug|Any CPU.ActiveCfg = Debug|Any CPU
		{A7911D56-69A0-4795-BCDA-80D4EEC22C26}.Debug|Any CPU.Build.0 = Debug|Any CPU
		{A7911D56-69A0-4795-BCDA-80D4EEC22C26}.Release|Any CPU.ActiveCfg = Release|Any CPU
		{A7911D56-69A0-4795-BCDA-80D4EEC22C26}.Release|Any CPU.Build.0 = Release|Any CPU
		{3C144DCB-1F43-4C35-BCEC-FBC7650B1BEE}.Debug|Any CPU.ActiveCfg = Debug|Any CPU
		{3C144DCB-1F43-4C35-BCEC-FBC7650B1BEE}.Debug|Any CPU.Build.0 = Debug|Any CPU
		{3C144DCB-1F43-4C35-BCEC-FBC7650B1BEE}.Release|Any CPU.ActiveCfg = Release|Any CPU
		{3C144DCB-1F43-4C35-BCEC-FBC7650B1BEE}.Release|Any CPU.Build.0 = Release|Any CPU
		{622C6B21-3B43-41C2-B44E-389022817334}.Debug|Any CPU.ActiveCfg = Debug|Any CPU
		{622C6B21-3B43-41C2-B44E-389022817334}.Debug|Any CPU.Build.0 = Debug|Any CPU
		{622C6B21-3B43-41C2-B44E-389022817334}.Release|Any CPU.ActiveCfg = Release|Any CPU
		{622C6B21-3B43-41C2-B44E-389022817334}.Release|Any CPU.Build.0 = Release|Any CPU
	EndGlobalSection
	GlobalSection(SolutionProperties) = preSolution
		HideSolutionNode = FALSE
	EndGlobalSection
	GlobalSection(ExtensibilityGlobals) = postSolution
		SolutionGuid = {6BCBC17F-9E00-4ABC-9CEE-ABB0337E929D}
	EndGlobalSection
EndGlobal
